
Microsoft Visual Studio Solution File, Format Version 12.00
# Visual Studio Version 16
VisualStudioVersion = 16.0.31729.503
MinimumVisualStudioVersion = 10.0.40219.1
Project("{FAE04EC0-301F-11D3-BF4B-00C04F79EFBC}") = "ScissorsPaperStone", "ScissorsPaperStone\ScissorsPaperStone.csproj", "{F2B24820-7273-473F-94FB-94051CC5B145}"
EndProject
Global
	GlobalSection(SolutionConfigurationPlatforms) = preSolution
		Debug|Any CPU = Debug|Any CPU
		Release|Any CPU = Release|Any CPU
	EndGlobalSection
	GlobalSection(ProjectConfigurationPlatforms) = postSolution
		{F2B24820-7273-473F-94FB-94051CC5B145}.Debug|Any CPU.ActiveCfg = Debug|Any CPU
		{F2B24820-7273-473F-94FB-94051CC5B145}.Debug|Any CPU.Build.0 = Debug|Any CPU
		{F2B24820-7273-473F-94FB-94051CC5B145}.Release|Any CPU.ActiveCfg = Release|Any CPU
		{F2B24820-7273-473F-94FB-94051CC5B145}.Release|Any CPU.Build.0 = Release|Any CPU
	EndGlobalSection
	GlobalSection(SolutionProperties) = preSolution
		HideSolutionNode = FALSE
	EndGlobalSection
	GlobalSection(ExtensibilityGlobals) = postSolution
		SolutionGuid = {166B2074-5307-423B-9C69-C0778A4D7A62}
	EndGlobalSection
EndGlobal
